
Microsoft Visual Studio Solution File, Format Version 12.00
# Visual Studio Version 17
VisualStudioVersion = 17.8.34525.116
MinimumVisualStudioVersion = 10.0.40219.1
Project("{9A19103F-16F7-4668-BE54-9A1E7A4F7556}") = "IdentityServer", "IdentityServer.csproj", "{FD7F5112-884A-4E83-B22F-6A6E096C8402}"
EndProject
Global
	GlobalSection(SolutionConfigurationPlatforms) = preSolution
		Debug|Any CPU = Debug|Any CPU
		Release|Any CPU = Release|Any CPU
	EndGlobalSection
	GlobalSection(ProjectConfigurationPlatforms) = postSolution
		{FD7F5112-884A-4E83-B22F-6A6E096C8402}.Debug|Any CPU.ActiveCfg = Debug|Any CPU
		{FD7F5112-884A-4E83-B22F-6A6E096C8402}.Debug|Any CPU.Build.0 = Debug|Any CPU
		{FD7F5112-884A-4E83-B22F-6A6E096C8402}.Release|Any CPU.ActiveCfg = Release|Any CPU
		{FD7F5112-884A-4E83-B22F-6A6E096C8402}.Release|Any CPU.Build.0 = Release|Any CPU
	EndGlobalSection
	GlobalSection(SolutionProperties) = preSolution
		HideSolutionNode = FALSE
	EndGlobalSection
	GlobalSection(ExtensibilityGlobals) = postSolution
		SolutionGuid = {A27664D7-D724-43AC-B55E-610B53B2F38E}
	EndGlobalSection
EndGlobal
